
Microsoft Visual Studio Solution File, Format Version 12.00
# Visual Studio Version 16
VisualStudioVersion = 16.0.29519.87
MinimumVisualStudioVersion = 10.0.40219.1
Project("{FAE04EC0-301F-11D3-BF4B-00C04F79EFBC}") = "RecipeManager", "RecipeManager\RecipeManager.csproj", "{7827388A-2FE4-465A-9326-B954BBE64471}"
EndProject
Global
	GlobalSection(SolutionConfigurationPlatforms) = preSolution
		Debug|Any CPU = Debug|Any CPU
		Release|Any CPU = Release|Any CPU
	EndGlobalSection
	GlobalSection(ProjectConfigurationPlatforms) = postSolution
		{7827388A-2FE4-465A-9326-B954BBE64471}.Debug|Any CPU.ActiveCfg = Debug|Any CPU
		{7827388A-2FE4-465A-9326-B954BBE64471}.Debug|Any CPU.Build.0 = Debug|Any CPU
		{7827388A-2FE4-465A-9326-B954BBE64471}.Release|Any CPU.ActiveCfg = Release|Any CPU
		{7827388A-2FE4-465A-9326-B954BBE64471}.Release|Any CPU.Build.0 = Release|Any CPU
	EndGlobalSection
	GlobalSection(SolutionProperties) = preSolution
		HideSolutionNode = FALSE
	EndGlobalSection
	GlobalSection(ExtensibilityGlobals) = postSolution
		SolutionGuid = {C3D532BF-8125-4805-BCB3-0EB4662295B8}
	EndGlobalSection
EndGlobal
